// !$*UTF8*$!
{
	archiveVersion = 1;
	classes = {
	};
	objectVersion = 50;
	objects = {

/* Begin PBXBuildFile section */
		E27CA6162219224F00600899 /* CocoaAsyncSocket.framework in Frameworks */ = {isa = PBXBuildFile; fileRef = E27CA6152219224F00600899 /* CocoaAsyncSocket.framework */; };
		E27CA6172219224F00600899 /* CocoaAsyncSocket.framework in Embed Frameworks */ = {isa = PBXBuildFile; fileRef = E27CA6152219224F00600899 /* CocoaAsyncSocket.framework */; settings = {ATTRIBUTES = (CodeSignOnCopy, RemoveHeadersOnCopy, ); }; };
		E27CA61B221922CF00600899 /* CocoaAsyncSocket.framework.dSYM in CopyFiles */ = {isa = PBXBuildFile; fileRef = E27CA61A221922CF00600899 /* CocoaAsyncSocket.framework.dSYM */; };
		E27CA61E2219264800600899 /* DExtraClient.m in Sources */ = {isa = PBXBuildFile; fileRef = E27CA61D2219264800600899 /* DExtraClient.m */; };
		E27CA6212219D1A000600899 /* DExtraConnectPacket.m in Sources */ = {isa = PBXBuildFile; fileRef = E27CA6202219D1A000600899 /* DExtraConnectPacket.m */; };
		E27CA6252219F42B00600899 /* DExtraConnectAckPacket.m in Sources */ = {isa = PBXBuildFile; fileRef = E27CA6242219F42B00600899 /* DExtraConnectAckPacket.m */; };
		E27CA6282219F5D200600899 /* DExtraConnectNackPacket.m in Sources */ = {isa = PBXBuildFile; fileRef = E27CA6272219F5D200600899 /* DExtraConnectNackPacket.m */; };
		E27CA62B2219F66200600899 /* DExtraDisconnectPacket.m in Sources */ = {isa = PBXBuildFile; fileRef = E27CA62A2219F66200600899 /* DExtraDisconnectPacket.m */; };
		E27CA62E221A082E00600899 /* DExtraDisconnectAckPacket.m in Sources */ = {isa = PBXBuildFile; fileRef = E27CA62D221A082E00600899 /* DExtraDisconnectAckPacket.m */; };
		E27CA631221A0B7300600899 /* DExtraKeepAlivePacket.m in Sources */ = {isa = PBXBuildFile; fileRef = E27CA630221A0B7300600899 /* DExtraKeepAlivePacket.m */; };
		E292C0B322153899009FE9A9 /* AppDelegate.m in Sources */ = {isa = PBXBuildFile; fileRef = E292C0B222153899009FE9A9 /* AppDelegate.m */; };
		E292C0B622153899009FE9A9 /* ViewController.m in Sources */ = {isa = PBXBuildFile; fileRef = E292C0B522153899009FE9A9 /* ViewController.m */; };
		E292C0B82215389B009FE9A9 /* Assets.xcassets in Resources */ = {isa = PBXBuildFile; fileRef = E292C0B72215389B009FE9A9 /* Assets.xcassets */; };
		E292C0BB2215389B009FE9A9 /* Main.storyboard in Resources */ = {isa = PBXBuildFile; fileRef = E292C0B92215389B009FE9A9 /* Main.storyboard */; };
		E292C0BE2215389B009FE9A9 /* main.m in Sources */ = {isa = PBXBuildFile; fileRef = E292C0BD2215389B009FE9A9 /* main.m */; };
/* End PBXBuildFile section */

/* Begin PBXCopyFilesBuildPhase section */
		E27CA610221921D700600899 /* Embed Frameworks */ = {
			isa = PBXCopyFilesBuildPhase;
			buildActionMask = 2147483647;
			dstPath = "";
			dstSubfolderSpec = 10;
			files = (
				E27CA6172219224F00600899 /* CocoaAsyncSocket.framework in Embed Frameworks */,
			);
			name = "Embed Frameworks";
			runOnlyForDeploymentPostprocessing = 0;
		};
		E27CA619221922B000600899 /* CopyFiles */ = {
			isa = PBXCopyFilesBuildPhase;
			buildActionMask = 2147483647;
			dstPath = "";
			dstSubfolderSpec = 16;
			files = (
				E27CA61B221922CF00600899 /* CocoaAsyncSocket.framework.dSYM in CopyFiles */,
			);
			runOnlyForDeploymentPostprocessing = 0;
		};
/* End PBXCopyFilesBuildPhase section */

/* Begin PBXFileReference section */
		E27CA6152219224F00600899 /* CocoaAsyncSocket.framework */ = {isa = PBXFileReference; lastKnownFileType = wrapper.framework; name = CocoaAsyncSocket.framework; path = Carthage/Build/Mac/CocoaAsyncSocket.framework; sourceTree = "<group>"; };
		E27CA61A221922CF00600899 /* CocoaAsyncSocket.framework.dSYM */ = {isa = PBXFileReference; lastKnownFileType = wrapper.dsym; name = CocoaAsyncSocket.framework.dSYM; path = Carthage/Build/Mac/CocoaAsyncSocket.framework.dSYM; sourceTree = "<group>"; };
		E27CA61C2219264800600899 /* DExtraClient.h */ = {isa = PBXFileReference; lastKnownFileType = sourcecode.c.h; path = DExtraClient.h; sourceTree = "<group>"; };
		E27CA61D2219264800600899 /* DExtraClient.m */ = {isa = PBXFileReference; lastKnownFileType = sourcecode.c.objc; path = DExtraClient.m; sourceTree = "<group>"; };
		E27CA61F2219D1A000600899 /* DExtraConnectPacket.h */ = {isa = PBXFileReference; lastKnownFileType = sourcecode.c.h; path = DExtraConnectPacket.h; sourceTree = "<group>"; };
		E27CA6202219D1A000600899 /* DExtraConnectPacket.m */ = {isa = PBXFileReference; lastKnownFileType = sourcecode.c.objc; path = DExtraConnectPacket.m; sourceTree = "<group>"; };
		E27CA6232219F42B00600899 /* DExtraConnectAckPacket.h */ = {isa = PBXFileReference; lastKnownFileType = sourcecode.c.h; path = DExtraConnectAckPacket.h; sourceTree = "<group>"; };
		E27CA6242219F42B00600899 /* DExtraConnectAckPacket.m */ = {isa = PBXFileReference; lastKnownFileType = sourcecode.c.objc; path = DExtraConnectAckPacket.m; sourceTree = "<group>"; };
		E27CA6262219F5D200600899 /* DExtraConnectNackPacket.h */ = {isa = PBXFileReference; lastKnownFileType = sourcecode.c.h; path = DExtraConnectNackPacket.h; sourceTree = "<group>"; };
		E27CA6272219F5D200600899 /* DExtraConnectNackPacket.m */ = {isa = PBXFileReference; lastKnownFileType = sourcecode.c.objc; path = DExtraConnectNackPacket.m; sourceTree = "<group>"; };
		E27CA6292219F66200600899 /* DExtraDisconnectPacket.h */ = {isa = PBXFileReference; lastKnownFileType = sourcecode.c.h; path = DExtraDisconnectPacket.h; sourceTree = "<group>"; };
		E27CA62A2219F66200600899 /* DExtraDisconnectPacket.m */ = {isa = PBXFileReference; lastKnownFileType = sourcecode.c.objc; path = DExtraDisconnectPacket.m; sourceTree = "<group>"; };
		E27CA62C221A082E00600899 /* DExtraDisconnectAckPacket.h */ = {isa = PBXFileReference; lastKnownFileType = sourcecode.c.h; path = DExtraDisconnectAckPacket.h; sourceTree = "<group>"; };
		E27CA62D221A082E00600899 /* DExtraDisconnectAckPacket.m */ = {isa = PBXFileReference; lastKnownFileType = sourcecode.c.objc; path = DExtraDisconnectAckPacket.m; sourceTree = "<group>"; };
		E27CA62F221A0B7300600899 /* DExtraKeepAlivePacket.h */ = {isa = PBXFileReference; lastKnownFileType = sourcecode.c.h; path = DExtraKeepAlivePacket.h; sourceTree = "<group>"; };
		E27CA630221A0B7300600899 /* DExtraKeepAlivePacket.m */ = {isa = PBXFileReference; lastKnownFileType = sourcecode.c.objc; path = DExtraKeepAlivePacket.m; sourceTree = "<group>"; };
		E292C0AE22153899009FE9A9 /* Estrella.app */ = {isa = PBXFileReference; explicitFileType = wrapper.application; includeInIndex = 0; path = Estrella.app; sourceTree = BUILT_PRODUCTS_DIR; };
		E292C0B122153899009FE9A9 /* AppDelegate.h */ = {isa = PBXFileReference; lastKnownFileType = sourcecode.c.h; path = AppDelegate.h; sourceTree = "<group>"; };
		E292C0B222153899009FE9A9 /* AppDelegate.m */ = {isa = PBXFileReference; lastKnownFileType = sourcecode.c.objc; path = AppDelegate.m; sourceTree = "<group>"; };
		E292C0B422153899009FE9A9 /* ViewController.h */ = {isa = PBXFileReference; lastKnownFileType = sourcecode.c.h; path = ViewController.h; sourceTree = "<group>"; };
		E292C0B522153899009FE9A9 /* ViewController.m */ = {isa = PBXFileReference; lastKnownFileType = sourcecode.c.objc; path = ViewController.m; sourceTree = "<group>"; };
		E292C0B72215389B009FE9A9 /* Assets.xcassets */ = {isa = PBXFileReference; lastKnownFileType = folder.assetcatalog; path = Assets.xcassets; sourceTree = "<group>"; };
		E292C0BA2215389B009FE9A9 /* Base */ = {isa = PBXFileReference; lastKnownFileType = file.storyboard; name = Base; path = Base.lproj/Main.storyboard; sourceTree = "<group>"; };
		E292C0BC2215389B009FE9A9 /* Info.plist */ = {isa = PBXFileReference; lastKnownFileType = text.plist.xml; path = Info.plist; sourceTree = "<group>"; };
		E292C0BD2215389B009FE9A9 /* main.m */ = {isa = PBXFileReference; lastKnownFileType = sourcecode.c.objc; path = main.m; sourceTree = "<group>"; };
		E292C0BF2215389B009FE9A9 /* Estrella.entitlements */ = {isa = PBXFileReference; lastKnownFileType = text.plist.entitlements; path = Estrella.entitlements; sourceTree = "<group>"; };
/* End PBXFileReference section */

/* Begin PBXFrameworksBuildPhase section */
		E292C0AB22153899009FE9A9 /* Frameworks */ = {
			isa = PBXFrameworksBuildPhase;
			buildActionMask = 2147483647;
			files = (
				E27CA6162219224F00600899 /* CocoaAsyncSocket.framework in Frameworks */,
			);
			runOnlyForDeploymentPostprocessing = 0;
		};
/* End PBXFrameworksBuildPhase section */

/* Begin PBXGroup section */
		E27CA6182219225300600899 /* Frameworks */ = {
			isa = PBXGroup;
			children = (
				E27CA6152219224F00600899 /* CocoaAsyncSocket.framework */,
				E27CA61A221922CF00600899 /* CocoaAsyncSocket.framework.dSYM */,
			);
			name = Frameworks;
			sourceTree = "<group>";
		};
		E27CA6222219EB8300600899 /* Packets */ = {
			isa = PBXGroup;
			children = (
				E27CA61F2219D1A000600899 /* DExtraConnectPacket.h */,
				E27CA6202219D1A000600899 /* DExtraConnectPacket.m */,
				E27CA6232219F42B00600899 /* DExtraConnectAckPacket.h */,
				E27CA6242219F42B00600899 /* DExtraConnectAckPacket.m */,
				E27CA6262219F5D200600899 /* DExtraConnectNackPacket.h */,
				E27CA6272219F5D200600899 /* DExtraConnectNackPacket.m */,
				E27CA6292219F66200600899 /* DExtraDisconnectPacket.h */,
				E27CA62A2219F66200600899 /* DExtraDisconnectPacket.m */,
				E27CA62C221A082E00600899 /* DExtraDisconnectAckPacket.h */,
				E27CA62D221A082E00600899 /* DExtraDisconnectAckPacket.m */,
				E27CA62F221A0B7300600899 /* DExtraKeepAlivePacket.h */,
				E27CA630221A0B7300600899 /* DExtraKeepAlivePacket.m */,
			);
			name = Packets;
			sourceTree = "<group>";
		};
		E292C0A522153899009FE9A9 = {
			isa = PBXGroup;
			children = (
				E292C0B022153899009FE9A9 /* Estrella */,
				E27CA6182219225300600899 /* Frameworks */,
				E292C0AF22153899009FE9A9 /* Products */,
			);
			sourceTree = "<group>";
		};
		E292C0AF22153899009FE9A9 /* Products */ = {
			isa = PBXGroup;
			children = (
				E292C0AE22153899009FE9A9 /* Estrella.app */,
			);
			name = Products;
			sourceTree = "<group>";
		};
		E292C0B022153899009FE9A9 /* Estrella */ = {
			isa = PBXGroup;
			children = (
				E27CA6222219EB8300600899 /* Packets */,
				E27CA61C2219264800600899 /* DExtraClient.h */,
				E27CA61D2219264800600899 /* DExtraClient.m */,
				E292C0B422153899009FE9A9 /* ViewController.h */,
				E292C0B522153899009FE9A9 /* ViewController.m */,
				E292C0B122153899009FE9A9 /* AppDelegate.h */,
				E292C0B222153899009FE9A9 /* AppDelegate.m */,
				E292C0B92215389B009FE9A9 /* Main.storyboard */,
				E292C0B72215389B009FE9A9 /* Assets.xcassets */,
				E292C0BC2215389B009FE9A9 /* Info.plist */,
				E292C0BD2215389B009FE9A9 /* main.m */,
				E292C0BF2215389B009FE9A9 /* Estrella.entitlements */,
			);
			path = Estrella;
			sourceTree = "<group>";
		};
/* End PBXGroup section */

/* Begin PBXNativeTarget section */
		E292C0AD22153899009FE9A9 /* Estrella */ = {
			isa = PBXNativeTarget;
			buildConfigurationList = E292C0C22215389B009FE9A9 /* Build configuration list for PBXNativeTarget "Estrella" */;
			buildPhases = (
				E292C0AA22153899009FE9A9 /* Sources */,
				E292C0AB22153899009FE9A9 /* Frameworks */,
				E292C0AC22153899009FE9A9 /* Resources */,
				E27CA610221921D700600899 /* Embed Frameworks */,
				E27CA619221922B000600899 /* CopyFiles */,
			);
			buildRules = (
			);
			dependencies = (
			);
			name = Estrella;
			productName = Estrella;
			productReference = E292C0AE22153899009FE9A9 /* Estrella.app */;
			productType = "com.apple.product-type.application";
		};
/* End PBXNativeTarget section */

/* Begin PBXProject section */
		E292C0A622153899009FE9A9 /* Project object */ = {
			isa = PBXProject;
			attributes = {
				LastUpgradeCheck = 1010;
				ORGANIZATIONNAME = Koomasi;
				TargetAttributes = {
					E292C0AD22153899009FE9A9 = {
						CreatedOnToolsVersion = 10.1;
						SystemCapabilities = {
							com.apple.Sandbox = {
								enabled = 0;
							};
						};
					};
				};
			};
			buildConfigurationList = E292C0A922153899009FE9A9 /* Build configuration list for PBXProject "Estrella" */;
			compatibilityVersion = "Xcode 9.3";
			developmentRegion = en;
			hasScannedForEncodings = 0;
			knownRegions = (
				en,
				Base,
			);
			mainGroup = E292C0A522153899009FE9A9;
			productRefGroup = E292C0AF22153899009FE9A9 /* Products */;
			projectDirPath = "";
			projectRoot = "";
			targets = (
				E292C0AD22153899009FE9A9 /* Estrella */,
			);
		};
/* End PBXProject section */

/* Begin PBXResourcesBuildPhase section */
		E292C0AC22153899009FE9A9 /* Resources */ = {
			isa = PBXResourcesBuildPhase;
			buildActionMask = 2147483647;
			files = (
				E292C0B82215389B009FE9A9 /* Assets.xcassets in Resources */,
				E292C0BB2215389B009FE9A9 /* Main.storyboard in Resources */,
			);
			runOnlyForDeploymentPostprocessing = 0;
		};
/* End PBXResourcesBuildPhase section */

/* Begin PBXSourcesBuildPhase section */
		E292C0AA22153899009FE9A9 /* Sources */ = {
			isa = PBXSourcesBuildPhase;
			buildActionMask = 2147483647;
			files = (
				E27CA61E2219264800600899 /* DExtraClient.m in Sources */,
				E27CA62E221A082E00600899 /* DExtraDisconnectAckPacket.m in Sources */,
				E27CA631221A0B7300600899 /* DExtraKeepAlivePacket.m in Sources */,
				E27CA6212219D1A000600899 /* DExtraConnectPacket.m in Sources */,
				E292C0B622153899009FE9A9 /* ViewController.m in Sources */,
				E27CA6282219F5D200600899 /* DExtraConnectNackPacket.m in Sources */,
				E292C0BE2215389B009FE9A9 /* main.m in Sources */,
				E27CA62B2219F66200600899 /* DExtraDisconnectPacket.m in Sources */,
				E27CA6252219F42B00600899 /* DExtraConnectAckPacket.m in Sources */,
				E292C0B322153899009FE9A9 /* AppDelegate.m in Sources */,
			);
			runOnlyForDeploymentPostprocessing = 0;
		};
/* End PBXSourcesBuildPhase section */

/* Begin PBXVariantGroup section */
		E292C0B92215389B009FE9A9 /* Main.storyboard */ = {
			isa = PBXVariantGroup;
			children = (
				E292C0BA2215389B009FE9A9 /* Base */,
			);
			name = Main.storyboard;
			sourceTree = "<group>";
		};
/* End PBXVariantGroup section */

/* Begin XCBuildConfiguration section */
		E292C0C02215389B009FE9A9 /* Debug */ = {
			isa = XCBuildConfiguration;
			buildSettings = {
				ALWAYS_SEARCH_USER_PATHS = NO;
				CLANG_ANALYZER_NONNULL = YES;
				CLANG_ANALYZER_NUMBER_OBJECT_CONVERSION = YES_AGGRESSIVE;
				CLANG_CXX_LANGUAGE_STANDARD = "gnu++14";
				CLANG_CXX_LIBRARY = "libc++";
				CLANG_ENABLE_MODULES = YES;
				CLANG_ENABLE_OBJC_ARC = YES;
				CLANG_ENABLE_OBJC_WEAK = YES;
				CLANG_WARN_BLOCK_CAPTURE_AUTORELEASING = YES;
				CLANG_WARN_BOOL_CONVERSION = YES;
				CLANG_WARN_COMMA = YES;
				CLANG_WARN_CONSTANT_CONVERSION = YES;
				CLANG_WARN_DEPRECATED_OBJC_IMPLEMENTATIONS = YES;
				CLANG_WARN_DIRECT_OBJC_ISA_USAGE = YES_ERROR;
				CLANG_WARN_DOCUMENTATION_COMMENTS = YES;
				CLANG_WARN_EMPTY_BODY = YES;
				CLANG_WARN_ENUM_CONVERSION = YES;
				CLANG_WARN_INFINITE_RECURSION = YES;
				CLANG_WARN_INT_CONVERSION = YES;
				CLANG_WARN_NON_LITERAL_NULL_CONVERSION = YES;
				CLANG_WARN_OBJC_IMPLICIT_RETAIN_SELF = YES;
				CLANG_WARN_OBJC_LITERAL_CONVERSION = YES;
				CLANG_WARN_OBJC_ROOT_CLASS = YES_ERROR;
				CLANG_WARN_RANGE_LOOP_ANALYSIS = YES;
				CLANG_WARN_STRICT_PROTOTYPES = YES;
				CLANG_WARN_SUSPICIOUS_MOVE = YES;
				CLANG_WARN_UNGUARDED_AVAILABILITY = YES_AGGRESSIVE;
				CLANG_WARN_UNREACHABLE_CODE = YES;
				CLANG_WARN__DUPLICATE_METHOD_MATCH = YES;
				CODE_SIGN_IDENTITY = "-";
				COPY_PHASE_STRIP = NO;
				DEBUG_INFORMATION_FORMAT = dwarf;
				ENABLE_STRICT_OBJC_MSGSEND = YES;
				ENABLE_TESTABILITY = YES;
				GCC_C_LANGUAGE_STANDARD = gnu11;
				GCC_DYNAMIC_NO_PIC = NO;
				GCC_NO_COMMON_BLOCKS = YES;
				GCC_OPTIMIZATION_LEVEL = 0;
				GCC_PREPROCESSOR_DEFINITIONS = (
					"DEBUG=1",
					"$(inherited)",
				);
				GCC_WARN_64_TO_32_BIT_CONVERSION = YES;
				GCC_WARN_ABOUT_RETURN_TYPE = YES_ERROR;
				GCC_WARN_UNDECLARED_SELECTOR = YES;
				GCC_WARN_UNINITIALIZED_AUTOS = YES_AGGRESSIVE;
				GCC_WARN_UNUSED_FUNCTION = YES;
				GCC_WARN_UNUSED_VARIABLE = YES;
				MACOSX_DEPLOYMENT_TARGET = 10.13;
				MTL_ENABLE_DEBUG_INFO = INCLUDE_SOURCE;
				MTL_FAST_MATH = YES;
				ONLY_ACTIVE_ARCH = YES;
				SDKROOT = macosx;
			};
			name = Debug;
		};
		E292C0C12215389B009FE9A9 /* Release */ = {
			isa = XCBuildConfiguration;
			buildSettings = {
				ALWAYS_SEARCH_USER_PATHS = NO;
				CLANG_ANALYZER_NONNULL = YES;
				CLANG_ANALYZER_NUMBER_OBJECT_CONVERSION = YES_AGGRESSIVE;
				CLANG_CXX_LANGUAGE_STANDARD = "gnu++14";
				CLANG_CXX_LIBRARY = "libc++";
				CLANG_ENABLE_MODULES = YES;
				CLANG_ENABLE_OBJC_ARC = YES;
				CLANG_ENABLE_OBJC_WEAK = YES;
				CLANG_WARN_BLOCK_CAPTURE_AUTORELEASING = YES;
				CLANG_WARN_BOOL_CONVERSION = YES;
				CLANG_WARN_COMMA = YES;
				CLANG_WARN_CONSTANT_CONVERSION = YES;
				CLANG_WARN_DEPRECATED_OBJC_IMPLEMENTATIONS = YES;
				CLANG_WARN_DIRECT_OBJC_ISA_USAGE = YES_ERROR;
				CLANG_WARN_DOCUMENTATION_COMMENTS = YES;
				CLANG_WARN_EMPTY_BODY = YES;
				CLANG_WARN_ENUM_CONVERSION = YES;
				CLANG_WARN_INFINITE_RECURSION = YES;
				CLANG_WARN_INT_CONVERSION = YES;
				CLANG_WARN_NON_LITERAL_NULL_CONVERSION = YES;
				CLANG_WARN_OBJC_IMPLICIT_RETAIN_SELF = YES;
				CLANG_WARN_OBJC_LITERAL_CONVERSION = YES;
				CLANG_WARN_OBJC_ROOT_CLASS = YES_ERROR;
				CLANG_WARN_RANGE_LOOP_ANALYSIS = YES;
				CLANG_WARN_STRICT_PROTOTYPES = YES;
				CLANG_WARN_SUSPICIOUS_MOVE = YES;
				CLANG_WARN_UNGUARDED_AVAILABILITY = YES_AGGRESSIVE;
				CLANG_WARN_UNREACHABLE_CODE = YES;
				CLANG_WARN__DUPLICATE_METHOD_MATCH = YES;
				CODE_SIGN_IDENTITY = "-";
				COPY_PHASE_STRIP = NO;
				DEBUG_INFORMATION_FORMAT = "dwarf-with-dsym";
				ENABLE_NS_ASSERTIONS = NO;
				ENABLE_STRICT_OBJC_MSGSEND = YES;
				GCC_C_LANGUAGE_STANDARD = gnu11;
				GCC_NO_COMMON_BLOCKS = YES;
				GCC_WARN_64_TO_32_BIT_CONVERSION = YES;
				GCC_WARN_ABOUT_RETURN_TYPE = YES_ERROR;
				GCC_WARN_UNDECLARED_SELECTOR = YES;
				GCC_WARN_UNINITIALIZED_AUTOS = YES_AGGRESSIVE;
				GCC_WARN_UNUSED_FUNCTION = YES;
				GCC_WARN_UNUSED_VARIABLE = YES;
				MACOSX_DEPLOYMENT_TARGET = 10.13;
				MTL_ENABLE_DEBUG_INFO = NO;
				MTL_FAST_MATH = YES;
				SDKROOT = macosx;
			};
			name = Release;
		};
		E292C0C32215389B009FE9A9 /* Debug */ = {
			isa = XCBuildConfiguration;
			buildSettings = {
				ASSETCATALOG_COMPILER_APPICON_NAME = AppIcon;
				CODE_SIGN_STYLE = Automatic;
				COMBINE_HIDPI_IMAGES = YES;
				FRAMEWORK_SEARCH_PATHS = (
					"$(inherited)",
					"$(PROJECT_DIR)/Carthage/Build/Mac",
				);
				INFOPLIST_FILE = Estrella/Info.plist;
				LD_RUNPATH_SEARCH_PATHS = (
					"$(inherited)",
					"@executable_path/../Frameworks",
				);
				PRODUCT_BUNDLE_IDENTIFIER = com.koomasi.Estrella;
				PRODUCT_NAME = "$(TARGET_NAME)";
			};
			name = Debug;
		};
		E292C0C42215389B009FE9A9 /* Release */ = {
			isa = XCBuildConfiguration;
			buildSettings = {
				ASSETCATALOG_COMPILER_APPICON_NAME = AppIcon;
				CODE_SIGN_STYLE = Automatic;
				COMBINE_HIDPI_IMAGES = YES;
				FRAMEWORK_SEARCH_PATHS = (
					"$(inherited)",
					"$(PROJECT_DIR)/Carthage/Build/Mac",
				);
				INFOPLIST_FILE = Estrella/Info.plist;
				LD_RUNPATH_SEARCH_PATHS = (
					"$(inherited)",
					"@executable_path/../Frameworks",
				);
				PRODUCT_BUNDLE_IDENTIFIER = com.koomasi.Estrella;
				PRODUCT_NAME = "$(TARGET_NAME)";
			};
			name = Release;
		};
/* End XCBuildConfiguration section */

/* Begin XCConfigurationList section */
		E292C0A922153899009FE9A9 /* Build configuration list for PBXProject "Estrella" */ = {
			isa = XCConfigurationList;
			buildConfigurations = (
				E292C0C02215389B009FE9A9 /* Debug */,
				E292C0C12215389B009FE9A9 /* Release */,
			);
			defaultConfigurationIsVisible = 0;
			defaultConfigurationName = Release;
		};
		E292C0C22215389B009FE9A9 /* Build configuration list for PBXNativeTarget "Estrella" */ = {
			isa = XCConfigurationList;
			buildConfigurations = (
				E292C0C32215389B009FE9A9 /* Debug */,
				E292C0C42215389B009FE9A9 /* Release */,
			);
			defaultConfigurationIsVisible = 0;
			defaultConfigurationName = Release;
		};
/* End XCConfigurationList section */
	};
	rootObject = E292C0A622153899009FE9A9 /* Project object */;
}
